
Microsoft Visual Studio Solution File, Format Version 12.00
# Visual Studio Version 17
VisualStudioVersion = 17.3.32901.215
MinimumVisualStudioVersion = 10.0.40219.1
Project("{FAE04EC0-301F-11D3-BF4B-00C04F79EFBC}") = "Firstproject", "Firstproject\Firstproject.csproj", "{50A4B055-A879-4FD9-918E-CA6AEFCC2BAA}"
EndProject
Project("{FAE04EC0-301F-11D3-BF4B-00C04F79EFBC}") = "Variables", "Variables\Variables.csproj", "{BE73BB55-F616-46FA-9E74-AD21E92279EF}"
EndProject
Global
	GlobalSection(SolutionConfigurationPlatforms) = preSolution
		Debug|Any CPU = Debug|Any CPU
		Release|Any CPU = Release|Any CPU
	EndGlobalSection
	GlobalSection(ProjectConfigurationPlatforms) = postSolution
		{50A4B055-A879-4FD9-918E-CA6AEFCC2BAA}.Debug|Any CPU.ActiveCfg = Debug|Any CPU
		{50A4B055-A879-4FD9-918E-CA6AEFCC2BAA}.Debug|Any CPU.Build.0 = Debug|Any CPU
		{50A4B055-A879-4FD9-918E-CA6AEFCC2BAA}.Release|Any CPU.ActiveCfg = Release|Any CPU
		{50A4B055-A879-4FD9-918E-CA6AEFCC2BAA}.Release|Any CPU.Build.0 = Release|Any CPU
		{BE73BB55-F616-46FA-9E74-AD21E92279EF}.Debug|Any CPU.ActiveCfg = Debug|Any CPU
		{BE73BB55-F616-46FA-9E74-AD21E92279EF}.Debug|Any CPU.Build.0 = Debug|Any CPU
		{BE73BB55-F616-46FA-9E74-AD21E92279EF}.Release|Any CPU.ActiveCfg = Release|Any CPU
		{BE73BB55-F616-46FA-9E74-AD21E92279EF}.Release|Any CPU.Build.0 = Release|Any CPU
	EndGlobalSection
	GlobalSection(SolutionProperties) = preSolution
		HideSolutionNode = FALSE
	EndGlobalSection
	GlobalSection(ExtensibilityGlobals) = postSolution
		SolutionGuid = {91B86C2A-79C7-41F9-A0D3-8158F7B4C2DF}
	EndGlobalSection
EndGlobal
