
Microsoft Visual Studio Solution File, Format Version 12.00
# Visual Studio Version 17
VisualStudioVersion = 17.3.32901.215
MinimumVisualStudioVersion = 10.0.40219.1
Project("{9A19103F-16F7-4668-BE54-9A1E7A4F7556}") = "Firstproject", "Firstproject\Firstproject.csproj", "{50A4B055-A879-4FD9-918E-CA6AEFCC2BAA}"
EndProject
Project("{9A19103F-16F7-4668-BE54-9A1E7A4F7556}") = "Variables", "Variables\Variables.csproj", "{BE73BB55-F616-46FA-9E74-AD21E92279EF}"
EndProject
Project("{9A19103F-16F7-4668-BE54-9A1E7A4F7556}") = "Methods", "Methods\Methods.csproj", "{09EB2A8E-57E9-451E-8CB9-7D105AD7722E}"
EndProject
Project("{9A19103F-16F7-4668-BE54-9A1E7A4F7556}") = "ClassObjectlnstance", "ClassObjectlnstance\ClassObjectlnstance.csproj", "{545E0843-6745-4728-A5D8-875788D267AE}"
EndProject
Project("{9A19103F-16F7-4668-BE54-9A1E7A4F7556}") = "Example01_ClassObjectInstance", "Example01_ClassObjectInstance\Example01_ClassObjectInstance.csproj", "{23E40F52-F449-4A5A-A3CE-E9F7B00758EF}"
EndProject
Project("{9A19103F-16F7-4668-BE54-9A1E7A4F7556}") = "Statement_If", "Statement_If\Statement_If.csproj", "{E3CFCBB7-C5F6-46F4-B3B3-11C1CA5EB6A6}"
EndProject
Project("{9A19103F-16F7-4668-BE54-9A1E7A4F7556}") = "Statment_SwitchCase_And_Enum", "Statment_SwitchCase_And_Enum\Statment_SwitchCase_And_Enum.csproj", "{430E9671-AE29-466A-862C-10DABD40A696}"
EndProject
Project("{9A19103F-16F7-4668-BE54-9A1E7A4F7556}") = "Operators", "Operators\Operators.csproj", "{095F820A-D3F6-48C1-8567-5ED2D9D3CA77}"
EndProject
Project("{9A19103F-16F7-4668-BE54-9A1E7A4F7556}") = "Array", "Array\Array.csproj", "{64147483-7279-4B68-9D1C-59D194BD2DA2}"
EndProject
Project("{9A19103F-16F7-4668-BE54-9A1E7A4F7556}") = "Statement_Loops", "Statement_Loops\Statement_Loops.csproj", "{21D3F52A-BA97-4BE5-9AD9-B030F9B2ABEC}"
EndProject
Project("{9A19103F-16F7-4668-BE54-9A1E7A4F7556}") = "Example02_Array2D", "Example02_Array2D\Example02_Array2D.csproj", "{BF1D00C7-E9D8-4C22-8B4B-5042BE0C0697}"
EndProject
Project("{9A19103F-16F7-4668-BE54-9A1E7A4F7556}") = "Structure", "Structure\Structure.csproj", "{59BEC8AD-F045-490B-8087-8347984C5DB7}"
EndProject
Project("{9A19103F-16F7-4668-BE54-9A1E7A4F7556}") = "Example03_HorseRacing", "Example03_HorseRacing\Example03_HorseRacing.csproj", "{3CF4CA67-8AA0-48CE-BFFA-622FF260C787}"
EndProject
Project("{9A19103F-16F7-4668-BE54-9A1E7A4F7556}") = "ClassInheritance", "ClassInheritance\ClassInheritance.csproj", "{DAE86D4A-26F7-4924-B5DB-506D5323A639}"
EndProject
Project("{9A19103F-16F7-4668-BE54-9A1E7A4F7556}") = "Collections", "Collections\Collections.csproj", "{99F1F993-1BB1-49BF-8A9C-0DD79078FC43}"
EndProject
Project("{9A19103F-16F7-4668-BE54-9A1E7A4F7556}") = "MyDynamicArrray", "MyDynamicArrray\MyDynamicArrray.csproj", "{A7995B61-0B60-4F45-93CB-7E286AACC641}"
EndProject
Project("{FAE04EC0-301F-11D3-BF4B-00C04F79EFBC}") = "MyLinkedList", "MyLinkedList\MyLinkedList.csproj", "{F99877E6-5E0F-4D25-B285-47C0079088A0}"
EndProject
Global
	GlobalSection(SolutionConfigurationPlatforms) = preSolution
		Debug|Any CPU = Debug|Any CPU
		Release|Any CPU = Release|Any CPU
	EndGlobalSection
	GlobalSection(ProjectConfigurationPlatforms) = postSolution
		{50A4B055-A879-4FD9-918E-CA6AEFCC2BAA}.Debug|Any CPU.ActiveCfg = Debug|Any CPU
		{50A4B055-A879-4FD9-918E-CA6AEFCC2BAA}.Debug|Any CPU.Build.0 = Debug|Any CPU
		{50A4B055-A879-4FD9-918E-CA6AEFCC2BAA}.Release|Any CPU.ActiveCfg = Release|Any CPU
		{50A4B055-A879-4FD9-918E-CA6AEFCC2BAA}.Release|Any CPU.Build.0 = Release|Any CPU
		{BE73BB55-F616-46FA-9E74-AD21E92279EF}.Debug|Any CPU.ActiveCfg = Debug|Any CPU
		{BE73BB55-F616-46FA-9E74-AD21E92279EF}.Debug|Any CPU.Build.0 = Debug|Any CPU
		{BE73BB55-F616-46FA-9E74-AD21E92279EF}.Release|Any CPU.ActiveCfg = Release|Any CPU
		{BE73BB55-F616-46FA-9E74-AD21E92279EF}.Release|Any CPU.Build.0 = Release|Any CPU
		{09EB2A8E-57E9-451E-8CB9-7D105AD7722E}.Debug|Any CPU.ActiveCfg = Debug|Any CPU
		{09EB2A8E-57E9-451E-8CB9-7D105AD7722E}.Debug|Any CPU.Build.0 = Debug|Any CPU
		{09EB2A8E-57E9-451E-8CB9-7D105AD7722E}.Release|Any CPU.ActiveCfg = Release|Any CPU
		{09EB2A8E-57E9-451E-8CB9-7D105AD7722E}.Release|Any CPU.Build.0 = Release|Any CPU
		{545E0843-6745-4728-A5D8-875788D267AE}.Debug|Any CPU.ActiveCfg = Debug|Any CPU
		{545E0843-6745-4728-A5D8-875788D267AE}.Debug|Any CPU.Build.0 = Debug|Any CPU
		{545E0843-6745-4728-A5D8-875788D267AE}.Release|Any CPU.ActiveCfg = Release|Any CPU
		{545E0843-6745-4728-A5D8-875788D267AE}.Release|Any CPU.Build.0 = Release|Any CPU
		{23E40F52-F449-4A5A-A3CE-E9F7B00758EF}.Debug|Any CPU.ActiveCfg = Debug|Any CPU
		{23E40F52-F449-4A5A-A3CE-E9F7B00758EF}.Debug|Any CPU.Build.0 = Debug|Any CPU
		{23E40F52-F449-4A5A-A3CE-E9F7B00758EF}.Release|Any CPU.ActiveCfg = Release|Any CPU
		{23E40F52-F449-4A5A-A3CE-E9F7B00758EF}.Release|Any CPU.Build.0 = Release|Any CPU
		{E3CFCBB7-C5F6-46F4-B3B3-11C1CA5EB6A6}.Debug|Any CPU.ActiveCfg = Debug|Any CPU
		{E3CFCBB7-C5F6-46F4-B3B3-11C1CA5EB6A6}.Debug|Any CPU.Build.0 = Debug|Any CPU
		{E3CFCBB7-C5F6-46F4-B3B3-11C1CA5EB6A6}.Release|Any CPU.ActiveCfg = Release|Any CPU
		{E3CFCBB7-C5F6-46F4-B3B3-11C1CA5EB6A6}.Release|Any CPU.Build.0 = Release|Any CPU
		{430E9671-AE29-466A-862C-10DABD40A696}.Debug|Any CPU.ActiveCfg = Debug|Any CPU
		{430E9671-AE29-466A-862C-10DABD40A696}.Debug|Any CPU.Build.0 = Debug|Any CPU
		{430E9671-AE29-466A-862C-10DABD40A696}.Release|Any CPU.ActiveCfg = Release|Any CPU
		{430E9671-AE29-466A-862C-10DABD40A696}.Release|Any CPU.Build.0 = Release|Any CPU
		{095F820A-D3F6-48C1-8567-5ED2D9D3CA77}.Debug|Any CPU.ActiveCfg = Debug|Any CPU
		{095F820A-D3F6-48C1-8567-5ED2D9D3CA77}.Debug|Any CPU.Build.0 = Debug|Any CPU
		{095F820A-D3F6-48C1-8567-5ED2D9D3CA77}.Release|Any CPU.ActiveCfg = Release|Any CPU
		{095F820A-D3F6-48C1-8567-5ED2D9D3CA77}.Release|Any CPU.Build.0 = Release|Any CPU
		{64147483-7279-4B68-9D1C-59D194BD2DA2}.Debug|Any CPU.ActiveCfg = Debug|Any CPU
		{64147483-7279-4B68-9D1C-59D194BD2DA2}.Debug|Any CPU.Build.0 = Debug|Any CPU
		{64147483-7279-4B68-9D1C-59D194BD2DA2}.Release|Any CPU.ActiveCfg = Release|Any CPU
		{64147483-7279-4B68-9D1C-59D194BD2DA2}.Release|Any CPU.Build.0 = Release|Any CPU
		{21D3F52A-BA97-4BE5-9AD9-B030F9B2ABEC}.Debug|Any CPU.ActiveCfg = Debug|Any CPU
		{21D3F52A-BA97-4BE5-9AD9-B030F9B2ABEC}.Debug|Any CPU.Build.0 = Debug|Any CPU
		{21D3F52A-BA97-4BE5-9AD9-B030F9B2ABEC}.Release|Any CPU.ActiveCfg = Release|Any CPU
		{21D3F52A-BA97-4BE5-9AD9-B030F9B2ABEC}.Release|Any CPU.Build.0 = Release|Any CPU
		{BF1D00C7-E9D8-4C22-8B4B-5042BE0C0697}.Debug|Any CPU.ActiveCfg = Debug|Any CPU
		{BF1D00C7-E9D8-4C22-8B4B-5042BE0C0697}.Debug|Any CPU.Build.0 = Debug|Any CPU
		{BF1D00C7-E9D8-4C22-8B4B-5042BE0C0697}.Release|Any CPU.ActiveCfg = Release|Any CPU
		{BF1D00C7-E9D8-4C22-8B4B-5042BE0C0697}.Release|Any CPU.Build.0 = Release|Any CPU
		{59BEC8AD-F045-490B-8087-8347984C5DB7}.Debug|Any CPU.ActiveCfg = Debug|Any CPU
		{59BEC8AD-F045-490B-8087-8347984C5DB7}.Debug|Any CPU.Build.0 = Debug|Any CPU
		{59BEC8AD-F045-490B-8087-8347984C5DB7}.Release|Any CPU.ActiveCfg = Release|Any CPU
		{59BEC8AD-F045-490B-8087-8347984C5DB7}.Release|Any CPU.Build.0 = Release|Any CPU
		{3CF4CA67-8AA0-48CE-BFFA-622FF260C787}.Debug|Any CPU.ActiveCfg = Debug|Any CPU
		{3CF4CA67-8AA0-48CE-BFFA-622FF260C787}.Debug|Any CPU.Build.0 = Debug|Any CPU
		{3CF4CA67-8AA0-48CE-BFFA-622FF260C787}.Release|Any CPU.ActiveCfg = Release|Any CPU
		{3CF4CA67-8AA0-48CE-BFFA-622FF260C787}.Release|Any CPU.Build.0 = Release|Any CPU
		{DAE86D4A-26F7-4924-B5DB-506D5323A639}.Debug|Any CPU.ActiveCfg = Debug|Any CPU
		{DAE86D4A-26F7-4924-B5DB-506D5323A639}.Debug|Any CPU.Build.0 = Debug|Any CPU
		{DAE86D4A-26F7-4924-B5DB-506D5323A639}.Release|Any CPU.ActiveCfg = Release|Any CPU
		{DAE86D4A-26F7-4924-B5DB-506D5323A639}.Release|Any CPU.Build.0 = Release|Any CPU
		{99F1F993-1BB1-49BF-8A9C-0DD79078FC43}.Debug|Any CPU.ActiveCfg = Debug|Any CPU
		{99F1F993-1BB1-49BF-8A9C-0DD79078FC43}.Debug|Any CPU.Build.0 = Debug|Any CPU
		{99F1F993-1BB1-49BF-8A9C-0DD79078FC43}.Release|Any CPU.ActiveCfg = Release|Any CPU
		{99F1F993-1BB1-49BF-8A9C-0DD79078FC43}.Release|Any CPU.Build.0 = Release|Any CPU
		{A7995B61-0B60-4F45-93CB-7E286AACC641}.Debug|Any CPU.ActiveCfg = Debug|Any CPU
		{A7995B61-0B60-4F45-93CB-7E286AACC641}.Debug|Any CPU.Build.0 = Debug|Any CPU
		{A7995B61-0B60-4F45-93CB-7E286AACC641}.Release|Any CPU.ActiveCfg = Release|Any CPU
		{A7995B61-0B60-4F45-93CB-7E286AACC641}.Release|Any CPU.Build.0 = Release|Any CPU
		{F99877E6-5E0F-4D25-B285-47C0079088A0}.Debug|Any CPU.ActiveCfg = Debug|Any CPU
		{F99877E6-5E0F-4D25-B285-47C0079088A0}.Debug|Any CPU.Build.0 = Debug|Any CPU
		{F99877E6-5E0F-4D25-B285-47C0079088A0}.Release|Any CPU.ActiveCfg = Release|Any CPU
		{F99877E6-5E0F-4D25-B285-47C0079088A0}.Release|Any CPU.Build.0 = Release|Any CPU
	EndGlobalSection
	GlobalSection(SolutionProperties) = preSolution
		HideSolutionNode = FALSE
	EndGlobalSection
	GlobalSection(ExtensibilityGlobals) = postSolution
		SolutionGuid = {91B86C2A-79C7-41F9-A0D3-8158F7B4C2DF}
	EndGlobalSection
EndGlobal
